
Microsoft Visual Studio Solution File, Format Version 12.00
# Visual Studio Version 16
VisualStudioVersion = 16.0.31205.134
MinimumVisualStudioVersion = 10.0.40219.1
Project("{FAE04EC0-301F-11D3-BF4B-00C04F79EFBC}") = "ClassRoomAPI", "ClassRoomAPI\ClassRoomAPI.csproj", "{4AF0016F-1818-43CB-884A-B76B710CC90B}"
EndProject
Global
	GlobalSection(SolutionConfigurationPlatforms) = preSolution
		Debug|Any CPU = Debug|Any CPU
		Release|Any CPU = Release|Any CPU
	EndGlobalSection
	GlobalSection(ProjectConfigurationPlatforms) = postSolution
		{4AF0016F-1818-43CB-884A-B76B710CC90B}.Debug|Any CPU.ActiveCfg = Debug|Any CPU
		{4AF0016F-1818-43CB-884A-B76B710CC90B}.Debug|Any CPU.Build.0 = Debug|Any CPU
		{4AF0016F-1818-43CB-884A-B76B710CC90B}.Release|Any CPU.ActiveCfg = Release|Any CPU
		{4AF0016F-1818-43CB-884A-B76B710CC90B}.Release|Any CPU.Build.0 = Release|Any CPU
	EndGlobalSection
	GlobalSection(SolutionProperties) = preSolution
		HideSolutionNode = FALSE
	EndGlobalSection
	GlobalSection(ExtensibilityGlobals) = postSolution
		SolutionGuid = {1AD41F78-A3F2-4356-9DF9-B961EF6B9AD2}
	EndGlobalSection
EndGlobal
